// !$*UTF8*$!
{
	archiveVersion = 1;
	classes = {
	};
	objectVersion = 46;
	objects = {

/* Begin PBXBuildFile section */
		D5198D931A9FB30000EC3C5C /* main.m in Sources */ = {isa = PBXBuildFile; fileRef = D5198D921A9FB30000EC3C5C /* main.m */; };
		D5198D961A9FB30000EC3C5C /* AppDelegate.m in Sources */ = {isa = PBXBuildFile; fileRef = D5198D951A9FB30000EC3C5C /* AppDelegate.m */; };
		D5198D991A9FB30000EC3C5C /* FirstViewController.m in Sources */ = {isa = PBXBuildFile; fileRef = D5198D981A9FB30000EC3C5C /* FirstViewController.m */; };
		D5198D9F1A9FB30000EC3C5C /* Main.storyboard in Resources */ = {isa = PBXBuildFile; fileRef = D5198D9D1A9FB30000EC3C5C /* Main.storyboard */; };
		D5198DA11A9FB30000EC3C5C /* Images.xcassets in Resources */ = {isa = PBXBuildFile; fileRef = D5198DA01A9FB30000EC3C5C /* Images.xcassets */; };
		D5198DA41A9FB30000EC3C5C /* LaunchScreen.xib in Resources */ = {isa = PBXBuildFile; fileRef = D5198DA21A9FB30000EC3C5C /* LaunchScreen.xib */; };
		D5198DB01A9FB30000EC3C5C /* AchouSaudeTests.m in Sources */ = {isa = PBXBuildFile; fileRef = D5198DAF1A9FB30000EC3C5C /* AchouSaudeTests.m */; };
		D5198DBB1A9FB62900EC3C5C /* TableViewController.m in Sources */ = {isa = PBXBuildFile; fileRef = D5198DBA1A9FB62900EC3C5C /* TableViewController.m */; };
		D5198DBE1A9FB66100EC3C5C /* TableViewCell.m in Sources */ = {isa = PBXBuildFile; fileRef = D5198DBD1A9FB66100EC3C5C /* TableViewCell.m */; };
		D52AF6ED1AA63EBC0088CBEB /* PlanoTable.m in Sources */ = {isa = PBXBuildFile; fileRef = D52AF6EC1AA63EBC0088CBEB /* PlanoTable.m */; };
		D52AF6F01AA63ED50088CBEB /* PlanoTableCell.m in Sources */ = {isa = PBXBuildFile; fileRef = D52AF6EF1AA63ED50088CBEB /* PlanoTableCell.m */; };
		D5A161F61AA76CAA00C6E97F /* Hospital.m in Sources */ = {isa = PBXBuildFile; fileRef = D5A161F51AA76CAA00C6E97F /* Hospital.m */; };
		D5EAD85D1AA0CC8500958408 /* MapKit.framework in Frameworks */ = {isa = PBXBuildFile; fileRef = D5EAD85C1AA0CC8500958408 /* MapKit.framework */; };
		D5EAD85F1AA0CC8C00958408 /* CoreLocation.framework in Frameworks */ = {isa = PBXBuildFile; fileRef = D5EAD85E1AA0CC8C00958408 /* CoreLocation.framework */; };
/* End PBXBuildFile section */

/* Begin PBXContainerItemProxy section */
		D5198DAA1A9FB30000EC3C5C /* PBXContainerItemProxy */ = {
			isa = PBXContainerItemProxy;
			containerPortal = D5198D851A9FB2FF00EC3C5C /* Project object */;
			proxyType = 1;
			remoteGlobalIDString = D5198D8C1A9FB30000EC3C5C;
			remoteInfo = AchouSaude;
		};
/* End PBXContainerItemProxy section */

/* Begin PBXFileReference section */
		D5198D8D1A9FB30000EC3C5C /* AchouSaude.app */ = {isa = PBXFileReference; explicitFileType = wrapper.application; includeInIndex = 0; path = AchouSaude.app; sourceTree = BUILT_PRODUCTS_DIR; };
		D5198D911A9FB30000EC3C5C /* Info.plist */ = {isa = PBXFileReference; lastKnownFileType = text.plist.xml; path = Info.plist; sourceTree = "<group>"; };
		D5198D921A9FB30000EC3C5C /* main.m */ = {isa = PBXFileReference; lastKnownFileType = sourcecode.c.objc; path = main.m; sourceTree = "<group>"; };
		D5198D941A9FB30000EC3C5C /* AppDelegate.h */ = {isa = PBXFileReference; lastKnownFileType = sourcecode.c.h; path = AppDelegate.h; sourceTree = "<group>"; };
		D5198D951A9FB30000EC3C5C /* AppDelegate.m */ = {isa = PBXFileReference; lastKnownFileType = sourcecode.c.objc; path = AppDelegate.m; sourceTree = "<group>"; };
		D5198D971A9FB30000EC3C5C /* FirstViewController.h */ = {isa = PBXFileReference; lastKnownFileType = sourcecode.c.h; path = FirstViewController.h; sourceTree = "<group>"; };
		D5198D981A9FB30000EC3C5C /* FirstViewController.m */ = {isa = PBXFileReference; lastKnownFileType = sourcecode.c.objc; path = FirstViewController.m; sourceTree = "<group>"; };
		D5198D9E1A9FB30000EC3C5C /* Base */ = {isa = PBXFileReference; lastKnownFileType = file.storyboard; name = Base; path = Base.lproj/Main.storyboard; sourceTree = "<group>"; };
		D5198DA01A9FB30000EC3C5C /* Images.xcassets */ = {isa = PBXFileReference; lastKnownFileType = folder.assetcatalog; path = Images.xcassets; sourceTree = "<group>"; };
		D5198DA31A9FB30000EC3C5C /* Base */ = {isa = PBXFileReference; lastKnownFileType = file.xib; name = Base; path = Base.lproj/LaunchScreen.xib; sourceTree = "<group>"; };
		D5198DA91A9FB30000EC3C5C /* AchouSaudeTests.xctest */ = {isa = PBXFileReference; explicitFileType = wrapper.cfbundle; includeInIndex = 0; path = AchouSaudeTests.xctest; sourceTree = BUILT_PRODUCTS_DIR; };
		D5198DAE1A9FB30000EC3C5C /* Info.plist */ = {isa = PBXFileReference; lastKnownFileType = text.plist.xml; path = Info.plist; sourceTree = "<group>"; };
		D5198DAF1A9FB30000EC3C5C /* AchouSaudeTests.m */ = {isa = PBXFileReference; lastKnownFileType = sourcecode.c.objc; path = AchouSaudeTests.m; sourceTree = "<group>"; };
		D5198DB91A9FB62900EC3C5C /* TableViewController.h */ = {isa = PBXFileReference; fileEncoding = 4; lastKnownFileType = sourcecode.c.h; path = TableViewController.h; sourceTree = "<group>"; };
		D5198DBA1A9FB62900EC3C5C /* TableViewController.m */ = {isa = PBXFileReference; fileEncoding = 4; lastKnownFileType = sourcecode.c.objc; path = TableViewController.m; sourceTree = "<group>"; };
		D5198DBC1A9FB66100EC3C5C /* TableViewCell.h */ = {isa = PBXFileReference; fileEncoding = 4; lastKnownFileType = sourcecode.c.h; path = TableViewCell.h; sourceTree = "<group>"; };
		D5198DBD1A9FB66100EC3C5C /* TableViewCell.m */ = {isa = PBXFileReference; fileEncoding = 4; lastKnownFileType = sourcecode.c.objc; path = TableViewCell.m; sourceTree = "<group>"; };
		D52AF6EB1AA63EBC0088CBEB /* PlanoTable.h */ = {isa = PBXFileReference; fileEncoding = 4; lastKnownFileType = sourcecode.c.h; path = PlanoTable.h; sourceTree = "<group>"; };
		D52AF6EC1AA63EBC0088CBEB /* PlanoTable.m */ = {isa = PBXFileReference; fileEncoding = 4; lastKnownFileType = sourcecode.c.objc; path = PlanoTable.m; sourceTree = "<group>"; };
		D52AF6EE1AA63ED50088CBEB /* PlanoTableCell.h */ = {isa = PBXFileReference; fileEncoding = 4; lastKnownFileType = sourcecode.c.h; path = PlanoTableCell.h; sourceTree = "<group>"; };
		D52AF6EF1AA63ED50088CBEB /* PlanoTableCell.m */ = {isa = PBXFileReference; fileEncoding = 4; lastKnownFileType = sourcecode.c.objc; path = PlanoTableCell.m; sourceTree = "<group>"; };
		D5A161F41AA76CAA00C6E97F /* Hospital.h */ = {isa = PBXFileReference; fileEncoding = 4; lastKnownFileType = sourcecode.c.h; path = Hospital.h; sourceTree = "<group>"; };
		D5A161F51AA76CAA00C6E97F /* Hospital.m */ = {isa = PBXFileReference; fileEncoding = 4; lastKnownFileType = sourcecode.c.objc; path = Hospital.m; sourceTree = "<group>"; };
		D5EAD85C1AA0CC8500958408 /* MapKit.framework */ = {isa = PBXFileReference; lastKnownFileType = wrapper.framework; name = MapKit.framework; path = System/Library/Frameworks/MapKit.framework; sourceTree = SDKROOT; };
		D5EAD85E1AA0CC8C00958408 /* CoreLocation.framework */ = {isa = PBXFileReference; lastKnownFileType = wrapper.framework; name = CoreLocation.framework; path = System/Library/Frameworks/CoreLocation.framework; sourceTree = SDKROOT; };
/* End PBXFileReference section */

/* Begin PBXFrameworksBuildPhase section */
		D5198D8A1A9FB30000EC3C5C /* Frameworks */ = {
			isa = PBXFrameworksBuildPhase;
			buildActionMask = 2147483647;
			files = (
				D5EAD85F1AA0CC8C00958408 /* CoreLocation.framework in Frameworks */,
				D5EAD85D1AA0CC8500958408 /* MapKit.framework in Frameworks */,
			);
			runOnlyForDeploymentPostprocessing = 0;
		};
		D5198DA61A9FB30000EC3C5C /* Frameworks */ = {
			isa = PBXFrameworksBuildPhase;
			buildActionMask = 2147483647;
			files = (
			);
			runOnlyForDeploymentPostprocessing = 0;
		};
/* End PBXFrameworksBuildPhase section */

/* Begin PBXGroup section */
		D5198D841A9FB2FF00EC3C5C = {
			isa = PBXGroup;
			children = (
				D5EAD85E1AA0CC8C00958408 /* CoreLocation.framework */,
				D5EAD85C1AA0CC8500958408 /* MapKit.framework */,
				D5198D8F1A9FB30000EC3C5C /* AchouSaude */,
				D5198DAC1A9FB30000EC3C5C /* AchouSaudeTests */,
				D5198D8E1A9FB30000EC3C5C /* Products */,
			);
			sourceTree = "<group>";
		};
		D5198D8E1A9FB30000EC3C5C /* Products */ = {
			isa = PBXGroup;
			children = (
				D5198D8D1A9FB30000EC3C5C /* AchouSaude.app */,
				D5198DA91A9FB30000EC3C5C /* AchouSaudeTests.xctest */,
			);
			name = Products;
			sourceTree = "<group>";
		};
		D5198D8F1A9FB30000EC3C5C /* AchouSaude */ = {
			isa = PBXGroup;
			children = (
				D5198D941A9FB30000EC3C5C /* AppDelegate.h */,
				D5198D951A9FB30000EC3C5C /* AppDelegate.m */,
				D5198D971A9FB30000EC3C5C /* FirstViewController.h */,
				D5198D981A9FB30000EC3C5C /* FirstViewController.m */,
				D52AF6EB1AA63EBC0088CBEB /* PlanoTable.h */,
				D52AF6EC1AA63EBC0088CBEB /* PlanoTable.m */,
				D52AF6EE1AA63ED50088CBEB /* PlanoTableCell.h */,
				D52AF6EF1AA63ED50088CBEB /* PlanoTableCell.m */,
				D5198D9D1A9FB30000EC3C5C /* Main.storyboard */,
				D5198DB91A9FB62900EC3C5C /* TableViewController.h */,
				D5198DBA1A9FB62900EC3C5C /* TableViewController.m */,
				D5198DBD1A9FB66100EC3C5C /* TableViewCell.m */,
				D5198DBC1A9FB66100EC3C5C /* TableViewCell.h */,
				D5A161F41AA76CAA00C6E97F /* Hospital.h */,
				D5A161F51AA76CAA00C6E97F /* Hospital.m */,
				D5198DA01A9FB30000EC3C5C /* Images.xcassets */,
				D5198DA21A9FB30000EC3C5C /* LaunchScreen.xib */,
				D5198D901A9FB30000EC3C5C /* Supporting Files */,
			);
			path = AchouSaude;
			sourceTree = "<group>";
		};
		D5198D901A9FB30000EC3C5C /* Supporting Files */ = {
			isa = PBXGroup;
			children = (
				D5198D911A9FB30000EC3C5C /* Info.plist */,
				D5198D921A9FB30000EC3C5C /* main.m */,
			);
			name = "Supporting Files";
			sourceTree = "<group>";
		};
		D5198DAC1A9FB30000EC3C5C /* AchouSaudeTests */ = {
			isa = PBXGroup;
			children = (
				D5198DAF1A9FB30000EC3C5C /* AchouSaudeTests.m */,
				D5198DAD1A9FB30000EC3C5C /* Supporting Files */,
			);
			path = AchouSaudeTests;
			sourceTree = "<group>";
		};
		D5198DAD1A9FB30000EC3C5C /* Supporting Files */ = {
			isa = PBXGroup;
			children = (
				D5198DAE1A9FB30000EC3C5C /* Info.plist */,
			);
			name = "Supporting Files";
			sourceTree = "<group>";
		};
/* End PBXGroup section */

/* Begin PBXNativeTarget section */
		D5198D8C1A9FB30000EC3C5C /* AchouSaude */ = {
			isa = PBXNativeTarget;
			buildConfigurationList = D5198DB31A9FB30000EC3C5C /* Build configuration list for PBXNativeTarget "AchouSaude" */;
			buildPhases = (
				D5198D891A9FB30000EC3C5C /* Sources */,
				D5198D8A1A9FB30000EC3C5C /* Frameworks */,
				D5198D8B1A9FB30000EC3C5C /* Resources */,
			);
			buildRules = (
			);
			dependencies = (
			);
			name = AchouSaude;
			productName = AchouSaude;
			productReference = D5198D8D1A9FB30000EC3C5C /* AchouSaude.app */;
			productType = "com.apple.product-type.application";
		};
		D5198DA81A9FB30000EC3C5C /* AchouSaudeTests */ = {
			isa = PBXNativeTarget;
			buildConfigurationList = D5198DB61A9FB30000EC3C5C /* Build configuration list for PBXNativeTarget "AchouSaudeTests" */;
			buildPhases = (
				D5198DA51A9FB30000EC3C5C /* Sources */,
				D5198DA61A9FB30000EC3C5C /* Frameworks */,
				D5198DA71A9FB30000EC3C5C /* Resources */,
			);
			buildRules = (
			);
			dependencies = (
				D5198DAB1A9FB30000EC3C5C /* PBXTargetDependency */,
			);
			name = AchouSaudeTests;
			productName = AchouSaudeTests;
			productReference = D5198DA91A9FB30000EC3C5C /* AchouSaudeTests.xctest */;
			productType = "com.apple.product-type.bundle.unit-test";
		};
/* End PBXNativeTarget section */

/* Begin PBXProject section */
		D5198D851A9FB2FF00EC3C5C /* Project object */ = {
			isa = PBXProject;
			attributes = {
				LastUpgradeCheck = 0610;
				ORGANIZATIONNAME = Ckode;
				TargetAttributes = {
					D5198D8C1A9FB30000EC3C5C = {
						CreatedOnToolsVersion = 6.1.1;
						DevelopmentTeam = PWHZ7MYK3K;
					};
					D5198DA81A9FB30000EC3C5C = {
						CreatedOnToolsVersion = 6.1.1;
						DevelopmentTeam = PWHZ7MYK3K;
						TestTargetID = D5198D8C1A9FB30000EC3C5C;
					};
				};
			};
			buildConfigurationList = D5198D881A9FB2FF00EC3C5C /* Build configuration list for PBXProject "AchouSaude" */;
			compatibilityVersion = "Xcode 3.2";
			developmentRegion = English;
			hasScannedForEncodings = 0;
			knownRegions = (
				en,
				Base,
			);
			mainGroup = D5198D841A9FB2FF00EC3C5C;
			productRefGroup = D5198D8E1A9FB30000EC3C5C /* Products */;
			projectDirPath = "";
			projectRoot = "";
			targets = (
				D5198D8C1A9FB30000EC3C5C /* AchouSaude */,
				D5198DA81A9FB30000EC3C5C /* AchouSaudeTests */,
			);
		};
/* End PBXProject section */

/* Begin PBXResourcesBuildPhase section */
		D5198D8B1A9FB30000EC3C5C /* Resources */ = {
			isa = PBXResourcesBuildPhase;
			buildActionMask = 2147483647;
			files = (
				D5198D9F1A9FB30000EC3C5C /* Main.storyboard in Resources */,
				D5198DA41A9FB30000EC3C5C /* LaunchScreen.xib in Resources */,
				D5198DA11A9FB30000EC3C5C /* Images.xcassets in Resources */,
			);
			runOnlyForDeploymentPostprocessing = 0;
		};
		D5198DA71A9FB30000EC3C5C /* Resources */ = {
			isa = PBXResourcesBuildPhase;
			buildActionMask = 2147483647;
			files = (
			);
			runOnlyForDeploymentPostprocessing = 0;
		};
/* End PBXResourcesBuildPhase section */

/* Begin PBXSourcesBuildPhase section */
		D5198D891A9FB30000EC3C5C /* Sources */ = {
			isa = PBXSourcesBuildPhase;
			buildActionMask = 2147483647;
			files = (
				D52AF6ED1AA63EBC0088CBEB /* PlanoTable.m in Sources */,
				D5A161F61AA76CAA00C6E97F /* Hospital.m in Sources */,
				D5198DBE1A9FB66100EC3C5C /* TableViewCell.m in Sources */,
				D52AF6F01AA63ED50088CBEB /* PlanoTableCell.m in Sources */,
				D5198D961A9FB30000EC3C5C /* AppDelegate.m in Sources */,
				D5198D991A9FB30000EC3C5C /* FirstViewController.m in Sources */,
				D5198DBB1A9FB62900EC3C5C /* TableViewController.m in Sources */,
				D5198D931A9FB30000EC3C5C /* main.m in Sources */,
			);
			runOnlyForDeploymentPostprocessing = 0;
		};
		D5198DA51A9FB30000EC3C5C /* Sources */ = {
			isa = PBXSourcesBuildPhase;
			buildActionMask = 2147483647;
			files = (
				D5198DB01A9FB30000EC3C5C /* AchouSaudeTests.m in Sources */,
			);
			runOnlyForDeploymentPostprocessing = 0;
		};
/* End PBXSourcesBuildPhase section */

/* Begin PBXTargetDependency section */
		D5198DAB1A9FB30000EC3C5C /* PBXTargetDependency */ = {
			isa = PBXTargetDependency;
			target = D5198D8C1A9FB30000EC3C5C /* AchouSaude */;
			targetProxy = D5198DAA1A9FB30000EC3C5C /* PBXContainerItemProxy */;
		};
/* End PBXTargetDependency section */

/* Begin PBXVariantGroup section */
		D5198D9D1A9FB30000EC3C5C /* Main.storyboard */ = {
			isa = PBXVariantGroup;
			children = (
				D5198D9E1A9FB30000EC3C5C /* Base */,
			);
			name = Main.storyboard;
			sourceTree = "<group>";
		};
		D5198DA21A9FB30000EC3C5C /* LaunchScreen.xib */ = {
			isa = PBXVariantGroup;
			children = (
				D5198DA31A9FB30000EC3C5C /* Base */,
			);
			name = LaunchScreen.xib;
			sourceTree = "<group>";
		};
/* End PBXVariantGroup section */

/* Begin XCBuildConfiguration section */
		D5198DB11A9FB30000EC3C5C /* Debug */ = {
			isa = XCBuildConfiguration;
			buildSettings = {
				ALWAYS_SEARCH_USER_PATHS = NO;
				CLANG_CXX_LANGUAGE_STANDARD = "gnu++0x";
				CLANG_CXX_LIBRARY = "libc++";
				CLANG_ENABLE_MODULES = YES;
				CLANG_ENABLE_OBJC_ARC = YES;
				CLANG_WARN_BOOL_CONVERSION = YES;
				CLANG_WARN_CONSTANT_CONVERSION = YES;
				CLANG_WARN_DIRECT_OBJC_ISA_USAGE = YES_ERROR;
				CLANG_WARN_EMPTY_BODY = YES;
				CLANG_WARN_ENUM_CONVERSION = YES;
				CLANG_WARN_INT_CONVERSION = YES;
				CLANG_WARN_OBJC_ROOT_CLASS = YES_ERROR;
				CLANG_WARN_UNREACHABLE_CODE = YES;
				CLANG_WARN__DUPLICATE_METHOD_MATCH = YES;
				"CODE_SIGN_IDENTITY[sdk=iphoneos*]" = "iPhone Developer";
				COPY_PHASE_STRIP = NO;
				ENABLE_STRICT_OBJC_MSGSEND = YES;
				GCC_C_LANGUAGE_STANDARD = gnu99;
				GCC_DYNAMIC_NO_PIC = NO;
				GCC_OPTIMIZATION_LEVEL = 0;
				GCC_PREPROCESSOR_DEFINITIONS = (
					"DEBUG=1",
					"$(inherited)",
				);
				GCC_SYMBOLS_PRIVATE_EXTERN = NO;
				GCC_WARN_64_TO_32_BIT_CONVERSION = YES;
				GCC_WARN_ABOUT_RETURN_TYPE = YES_ERROR;
				GCC_WARN_UNDECLARED_SELECTOR = YES;
				GCC_WARN_UNINITIALIZED_AUTOS = YES_AGGRESSIVE;
				GCC_WARN_UNUSED_FUNCTION = YES;
				GCC_WARN_UNUSED_VARIABLE = YES;
				IPHONEOS_DEPLOYMENT_TARGET = 8.1;
				MTL_ENABLE_DEBUG_INFO = YES;
				ONLY_ACTIVE_ARCH = YES;
				SDKROOT = iphoneos;
			};
			name = Debug;
		};
		D5198DB21A9FB30000EC3C5C /* Release */ = {
			isa = XCBuildConfiguration;
			buildSettings = {
				ALWAYS_SEARCH_USER_PATHS = NO;
				CLANG_CXX_LANGUAGE_STANDARD = "gnu++0x";
				CLANG_CXX_LIBRARY = "libc++";
				CLANG_ENABLE_MODULES = YES;
				CLANG_ENABLE_OBJC_ARC = YES;
				CLANG_WARN_BOOL_CONVERSION = YES;
				CLANG_WARN_CONSTANT_CONVERSION = YES;
				CLANG_WARN_DIRECT_OBJC_ISA_USAGE = YES_ERROR;
				CLANG_WARN_EMPTY_BODY = YES;
				CLANG_WARN_ENUM_CONVERSION = YES;
				CLANG_WARN_INT_CONVERSION = YES;
				CLANG_WARN_OBJC_ROOT_CLASS = YES_ERROR;
				CLANG_WARN_UNREACHABLE_CODE = YES;
				CLANG_WARN__DUPLICATE_METHOD_MATCH = YES;
				"CODE_SIGN_IDENTITY[sdk=iphoneos*]" = "iPhone Developer";
				COPY_PHASE_STRIP = YES;
				ENABLE_NS_ASSERTIONS = NO;
				ENABLE_STRICT_OBJC_MSGSEND = YES;
				GCC_C_LANGUAGE_STANDARD = gnu99;
				GCC_WARN_64_TO_32_BIT_CONVERSION = YES;
				GCC_WARN_ABOUT_RETURN_TYPE = YES_ERROR;
				GCC_WARN_UNDECLARED_SELECTOR = YES;
				GCC_WARN_UNINITIALIZED_AUTOS = YES_AGGRESSIVE;
				GCC_WARN_UNUSED_FUNCTION = YES;
				GCC_WARN_UNUSED_VARIABLE = YES;
				IPHONEOS_DEPLOYMENT_TARGET = 8.1;
				MTL_ENABLE_DEBUG_INFO = NO;
				SDKROOT = iphoneos;
				VALIDATE_PRODUCT = YES;
			};
			name = Release;
		};
		D5198DB41A9FB30000EC3C5C /* Debug */ = {
			isa = XCBuildConfiguration;
			buildSettings = {
				ASSETCATALOG_COMPILER_APPICON_NAME = AppIcon;
				CODE_SIGN_IDENTITY = "iPhone Developer";
				"CODE_SIGN_IDENTITY[sdk=iphoneos*]" = "iPhone Developer";
				INFOPLIST_FILE = AchouSaude/Info.plist;
				LD_RUNPATH_SEARCH_PATHS = "$(inherited) @executable_path/Frameworks";
				PRODUCT_NAME = "$(TARGET_NAME)";
				PROVISIONING_PROFILE = "";
			};
			name = Debug;
		};
		D5198DB51A9FB30000EC3C5C /* Release */ = {
			isa = XCBuildConfiguration;
			buildSettings = {
				ASSETCATALOG_COMPILER_APPICON_NAME = AppIcon;
				CODE_SIGN_IDENTITY = "iPhone Developer";
				"CODE_SIGN_IDENTITY[sdk=iphoneos*]" = "iPhone Developer";
				INFOPLIST_FILE = AchouSaude/Info.plist;
				LD_RUNPATH_SEARCH_PATHS = "$(inherited) @executable_path/Frameworks";
				PRODUCT_NAME = "$(TARGET_NAME)";
				PROVISIONING_PROFILE = "";
			};
			name = Release;
		};
		D5198DB71A9FB30000EC3C5C /* Debug */ = {
			isa = XCBuildConfiguration;
			buildSettings = {
				BUNDLE_LOADER = "$(TEST_HOST)";
				FRAMEWORK_SEARCH_PATHS = (
					"$(SDKROOT)/Developer/Library/Frameworks",
					"$(inherited)",
				);
				GCC_PREPROCESSOR_DEFINITIONS = (
					"DEBUG=1",
					"$(inherited)",
				);
				INFOPLIST_FILE = AchouSaudeTests/Info.plist;
				LD_RUNPATH_SEARCH_PATHS = "$(inherited) @executable_path/Frameworks @loader_path/Frameworks";
				PRODUCT_NAME = "$(TARGET_NAME)";
				TEST_HOST = "$(BUILT_PRODUCTS_DIR)/AchouSaude.app/AchouSaude";
			};
			name = Debug;
		};
		D5198DB81A9FB30000EC3C5C /* Release */ = {
			isa = XCBuildConfiguration;
			buildSettings = {
				BUNDLE_LOADER = "$(TEST_HOST)";
				FRAMEWORK_SEARCH_PATHS = (
					"$(SDKROOT)/Developer/Library/Frameworks",
					"$(inherited)",
				);
				INFOPLIST_FILE = AchouSaudeTests/Info.plist;
				LD_RUNPATH_SEARCH_PATHS = "$(inherited) @executable_path/Frameworks @loader_path/Frameworks";
				PRODUCT_NAME = "$(TARGET_NAME)";
				TEST_HOST = "$(BUILT_PRODUCTS_DIR)/AchouSaude.app/AchouSaude";
			};
			name = Release;
		};
/* End XCBuildConfiguration section */

/* Begin XCConfigurationList section */
		D5198D881A9FB2FF00EC3C5C /* Build configuration list for PBXProject "AchouSaude" */ = {
			isa = XCConfigurationList;
			buildConfigurations = (
				D5198DB11A9FB30000EC3C5C /* Debug */,
				D5198DB21A9FB30000EC3C5C /* Release */,
			);
			defaultConfigurationIsVisible = 0;
			defaultConfigurationName = Release;
		};
		D5198DB31A9FB30000EC3C5C /* Build configuration list for PBXNativeTarget "AchouSaude" */ = {
			isa = XCConfigurationList;
			buildConfigurations = (
				D5198DB41A9FB30000EC3C5C /* Debug */,
				D5198DB51A9FB30000EC3C5C /* Release */,
			);
			defaultConfigurationIsVisible = 0;
			defaultConfigurationName = Release;
		};
		D5198DB61A9FB30000EC3C5C /* Build configuration list for PBXNativeTarget "AchouSaudeTests" */ = {
			isa = XCConfigurationList;
			buildConfigurations = (
				D5198DB71A9FB30000EC3C5C /* Debug */,
				D5198DB81A9FB30000EC3C5C /* Release */,
			);
			defaultConfigurationIsVisible = 0;
			defaultConfigurationName = Release;
		};
/* End XCConfigurationList section */
	};
	rootObject = D5198D851A9FB2FF00EC3C5C /* Project object */;
}
